// !$*UTF8*$!
{
	archiveVersion = 1;
	classes = {
	};
	objectVersion = 56;
	objects = {

/* Begin PBXBuildFile section */
		5E13E84F2CB0F212007A6F9F /* RegistrationView.swift in Sources */ = {isa = PBXBuildFile; fileRef = 5E13E84E2CB0F212007A6F9F /* RegistrationView.swift */; };
		5E59A7C42CA2C065009152F0 /* RideType.swift in Sources */ = {isa = PBXBuildFile; fileRef = 5E59A7C32CA2C065009152F0 /* RideType.swift */; };
		5E699FB52C91B4D7003A9F0E /* HomeView.swift in Sources */ = {isa = PBXBuildFile; fileRef = 5E699FB42C91B4D7003A9F0E /* HomeView.swift */; };
		5E699FB72C91B729003A9F0E /* UberMapViewRepresentable.swift in Sources */ = {isa = PBXBuildFile; fileRef = 5E699FB62C91B729003A9F0E /* UberMapViewRepresentable.swift */; };
		5E699FB92C91B9CF003A9F0E /* LocationManager.swift in Sources */ = {isa = PBXBuildFile; fileRef = 5E699FB82C91B9CF003A9F0E /* LocationManager.swift */; };
		5E8BABAB2C91B226002761FD /* UberCloneSwiftUIApp.swift in Sources */ = {isa = PBXBuildFile; fileRef = 5E8BABAA2C91B226002761FD /* UberCloneSwiftUIApp.swift */; };
		5E8BABAF2C91B22C002761FD /* Assets.xcassets in Resources */ = {isa = PBXBuildFile; fileRef = 5E8BABAE2C91B22C002761FD /* Assets.xcassets */; };
		5E8BABB22C91B22C002761FD /* Preview Assets.xcassets in Resources */ = {isa = PBXBuildFile; fileRef = 5E8BABB12C91B22C002761FD /* Preview Assets.xcassets */; };
		5E932BF52CA136B900E2F624 /* MapViewState.swift in Sources */ = {isa = PBXBuildFile; fileRef = 5E932BF42CA136B900E2F624 /* MapViewState.swift */; };
		5E932BF82CA17B9600E2F624 /* RideRequestView.swift in Sources */ = {isa = PBXBuildFile; fileRef = 5E932BF72CA17B9600E2F624 /* RideRequestView.swift */; };
		5E9AB8222C926D8B0094543C /* LocationSearchActivationView.swift in Sources */ = {isa = PBXBuildFile; fileRef = 5E9AB8212C926D8B0094543C /* LocationSearchActivationView.swift */; };
		5E9AB8242C926EC50094543C /* MapViewActionButton.swift in Sources */ = {isa = PBXBuildFile; fileRef = 5E9AB8232C926EC50094543C /* MapViewActionButton.swift */; };
		5E9AB8262C92712D0094543C /* LocationSearchView.swift in Sources */ = {isa = PBXBuildFile; fileRef = 5E9AB8252C92712D0094543C /* LocationSearchView.swift */; };
		5E9AB8282C92731E0094543C /* LocationSearchResultCell.swift in Sources */ = {isa = PBXBuildFile; fileRef = 5E9AB8272C92731E0094543C /* LocationSearchResultCell.swift */; };
		5E9AB82A2C927AC70094543C /* LocationSearchViewModel.swift in Sources */ = {isa = PBXBuildFile; fileRef = 5E9AB8292C927AC70094543C /* LocationSearchViewModel.swift */; };
		5EEDF6542CA54C18009AD189 /* Double.swift in Sources */ = {isa = PBXBuildFile; fileRef = 5EEDF6532CA54C18009AD189 /* Double.swift */; };
		5EEDF6562CA553D6009AD189 /* UberLocation.swift in Sources */ = {isa = PBXBuildFile; fileRef = 5EEDF6552CA553D6009AD189 /* UberLocation.swift */; };
		5EF445CF2CA5749F00BC4583 /* Color.swift in Sources */ = {isa = PBXBuildFile; fileRef = 5EF445CE2CA5749F00BC4583 /* Color.swift */; };
/* End PBXBuildFile section */

/* Begin PBXFileReference section */
		5E13E84E2CB0F212007A6F9F /* RegistrationView.swift */ = {isa = PBXFileReference; lastKnownFileType = sourcecode.swift; path = RegistrationView.swift; sourceTree = "<group>"; };
		5E59A7C32CA2C065009152F0 /* RideType.swift */ = {isa = PBXFileReference; lastKnownFileType = sourcecode.swift; path = RideType.swift; sourceTree = "<group>"; };
		5E699FB42C91B4D7003A9F0E /* HomeView.swift */ = {isa = PBXFileReference; lastKnownFileType = sourcecode.swift; path = HomeView.swift; sourceTree = "<group>"; };
		5E699FB62C91B729003A9F0E /* UberMapViewRepresentable.swift */ = {isa = PBXFileReference; lastKnownFileType = sourcecode.swift; path = UberMapViewRepresentable.swift; sourceTree = "<group>"; };
		5E699FB82C91B9CF003A9F0E /* LocationManager.swift */ = {isa = PBXFileReference; lastKnownFileType = sourcecode.swift; path = LocationManager.swift; sourceTree = "<group>"; };
		5E8BABA72C91B226002761FD /* UberCloneSwiftUI.app */ = {isa = PBXFileReference; explicitFileType = wrapper.application; includeInIndex = 0; path = UberCloneSwiftUI.app; sourceTree = BUILT_PRODUCTS_DIR; };
		5E8BABAA2C91B226002761FD /* UberCloneSwiftUIApp.swift */ = {isa = PBXFileReference; lastKnownFileType = sourcecode.swift; path = UberCloneSwiftUIApp.swift; sourceTree = "<group>"; };
		5E8BABAE2C91B22C002761FD /* Assets.xcassets */ = {isa = PBXFileReference; lastKnownFileType = folder.assetcatalog; path = Assets.xcassets; sourceTree = "<group>"; };
		5E8BABB12C91B22C002761FD /* Preview Assets.xcassets */ = {isa = PBXFileReference; lastKnownFileType = folder.assetcatalog; path = "Preview Assets.xcassets"; sourceTree = "<group>"; };
		5E932BF42CA136B900E2F624 /* MapViewState.swift */ = {isa = PBXFileReference; lastKnownFileType = sourcecode.swift; path = MapViewState.swift; sourceTree = "<group>"; };
		5E932BF72CA17B9600E2F624 /* RideRequestView.swift */ = {isa = PBXFileReference; lastKnownFileType = sourcecode.swift; path = RideRequestView.swift; sourceTree = "<group>"; };
		5E9AB8212C926D8B0094543C /* LocationSearchActivationView.swift */ = {isa = PBXFileReference; lastKnownFileType = sourcecode.swift; path = LocationSearchActivationView.swift; sourceTree = "<group>"; };
		5E9AB8232C926EC50094543C /* MapViewActionButton.swift */ = {isa = PBXFileReference; lastKnownFileType = sourcecode.swift; path = MapViewActionButton.swift; sourceTree = "<group>"; };
		5E9AB8252C92712D0094543C /* LocationSearchView.swift */ = {isa = PBXFileReference; lastKnownFileType = sourcecode.swift; path = LocationSearchView.swift; sourceTree = "<group>"; };
		5E9AB8272C92731E0094543C /* LocationSearchResultCell.swift */ = {isa = PBXFileReference; lastKnownFileType = sourcecode.swift; path = LocationSearchResultCell.swift; sourceTree = "<group>"; };
		5E9AB8292C927AC70094543C /* LocationSearchViewModel.swift */ = {isa = PBXFileReference; lastKnownFileType = sourcecode.swift; path = LocationSearchViewModel.swift; sourceTree = "<group>"; };
		5EEDF6532CA54C18009AD189 /* Double.swift */ = {isa = PBXFileReference; lastKnownFileType = sourcecode.swift; path = Double.swift; sourceTree = "<group>"; };
		5EEDF6552CA553D6009AD189 /* UberLocation.swift */ = {isa = PBXFileReference; lastKnownFileType = sourcecode.swift; path = UberLocation.swift; sourceTree = "<group>"; };
		5EF445CE2CA5749F00BC4583 /* Color.swift */ = {isa = PBXFileReference; lastKnownFileType = sourcecode.swift; path = Color.swift; sourceTree = "<group>"; };
/* End PBXFileReference section */

/* Begin PBXFrameworksBuildPhase section */
		5E8BABA42C91B226002761FD /* Frameworks */ = {
			isa = PBXFrameworksBuildPhase;
			buildActionMask = 2147483647;
			files = (
			);
			runOnlyForDeploymentPostprocessing = 0;
		};
/* End PBXFrameworksBuildPhase section */

/* Begin PBXGroup section */
		5E13E84B2CB0F1E2007A6F9F /* Authentication */ = {
			isa = PBXGroup;
			children = (
				5E13E84C2CB0F1ED007A6F9F /* ViewModel */,
				5E13E84D2CB0F1FA007A6F9F /* Views */,
			);
			path = Authentication;
			sourceTree = "<group>";
		};
		5E13E84C2CB0F1ED007A6F9F /* ViewModel */ = {
			isa = PBXGroup;
			children = (
			);
			path = ViewModel;
			sourceTree = "<group>";
		};
		5E13E84D2CB0F1FA007A6F9F /* Views */ = {
			isa = PBXGroup;
			children = (
				5E13E84E2CB0F212007A6F9F /* RegistrationView.swift */,
			);
			path = Views;
			sourceTree = "<group>";
		};
		5E699FAD2C91B463003A9F0E /* Core */ = {
			isa = PBXGroup;
			children = (
				5E13E84B2CB0F1E2007A6F9F /* Authentication */,
				5E9AB81D2C926D2C0094543C /* Home */,
				5E932BF62CA17B8400E2F624 /* Trips */,
				5E9AB81E2C926D3B0094543C /* LocationSearch */,
			);
			path = Core;
			sourceTree = "<group>";
		};
		5E699FAE2C91B46D003A9F0E /* Views */ = {
			isa = PBXGroup;
			children = (
				5E699FB42C91B4D7003A9F0E /* HomeView.swift */,
				5E699FB62C91B729003A9F0E /* UberMapViewRepresentable.swift */,
				5E9AB8232C926EC50094543C /* MapViewActionButton.swift */,
			);
			path = Views;
			sourceTree = "<group>";
		};
		5E699FAF2C91B473003A9F0E /* App */ = {
			isa = PBXGroup;
			children = (
				5E8BABAA2C91B226002761FD /* UberCloneSwiftUIApp.swift */,
			);
			path = App;
			sourceTree = "<group>";
		};
		5E699FB02C91B477003A9F0E /* Extensions */ = {
			isa = PBXGroup;
			children = (
				5EEDF6532CA54C18009AD189 /* Double.swift */,
				5EF445CE2CA5749F00BC4583 /* Color.swift */,
			);
			path = Extensions;
			sourceTree = "<group>";
		};
		5E699FB12C91B480003A9F0E /* Managers */ = {
			isa = PBXGroup;
			children = (
				5E699FB82C91B9CF003A9F0E /* LocationManager.swift */,
			);
			path = Managers;
			sourceTree = "<group>";
		};
		5E699FB22C91B486003A9F0E /* Models */ = {
			isa = PBXGroup;
			children = (
				5E932BF42CA136B900E2F624 /* MapViewState.swift */,
				5E59A7C32CA2C065009152F0 /* RideType.swift */,
				5EEDF6552CA553D6009AD189 /* UberLocation.swift */,
			);
			path = Models;
			sourceTree = "<group>";
		};
		5E699FB32C91B493003A9F0E /* ViewModel */ = {
			isa = PBXGroup;
			children = (
			);
			path = ViewModel;
			sourceTree = "<group>";
		};
		5E8BAB9E2C91B226002761FD = {
			isa = PBXGroup;
			children = (
				5E8BABA92C91B226002761FD /* UberCloneSwiftUI */,
				5E8BABA82C91B226002761FD /* Products */,
			);
			sourceTree = "<group>";
		};
		5E8BABA82C91B226002761FD /* Products */ = {
			isa = PBXGroup;
			children = (
				5E8BABA72C91B226002761FD /* UberCloneSwiftUI.app */,
			);
			name = Products;
			sourceTree = "<group>";
		};
		5E8BABA92C91B226002761FD /* UberCloneSwiftUI */ = {
			isa = PBXGroup;
			children = (
				5E699FAF2C91B473003A9F0E /* App */,
				5E699FAD2C91B463003A9F0E /* Core */,
				5E699FB22C91B486003A9F0E /* Models */,
				5E699FB12C91B480003A9F0E /* Managers */,
				5E699FB02C91B477003A9F0E /* Extensions */,
				5E8BABAE2C91B22C002761FD /* Assets.xcassets */,
				5E8BABB02C91B22C002761FD /* Preview Content */,
			);
			path = UberCloneSwiftUI;
			sourceTree = "<group>";
		};
		5E8BABB02C91B22C002761FD /* Preview Content */ = {
			isa = PBXGroup;
			children = (
				5E8BABB12C91B22C002761FD /* Preview Assets.xcassets */,
			);
			path = "Preview Content";
			sourceTree = "<group>";
		};
		5E932BF62CA17B8400E2F624 /* Trips */ = {
			isa = PBXGroup;
			children = (
				5E932BF72CA17B9600E2F624 /* RideRequestView.swift */,
			);
			path = Trips;
			sourceTree = "<group>";
		};
		5E9AB81D2C926D2C0094543C /* Home */ = {
			isa = PBXGroup;
			children = (
				5E699FB32C91B493003A9F0E /* ViewModel */,
				5E699FAE2C91B46D003A9F0E /* Views */,
			);
			path = Home;
			sourceTree = "<group>";
		};
		5E9AB81E2C926D3B0094543C /* LocationSearch */ = {
			isa = PBXGroup;
			children = (
				5E9AB8202C926D6C0094543C /* ViewModel */,
				5E9AB81F2C926D5A0094543C /* Views */,
			);
			path = LocationSearch;
			sourceTree = "<group>";
		};
		5E9AB81F2C926D5A0094543C /* Views */ = {
			isa = PBXGroup;
			children = (
				5E9AB8212C926D8B0094543C /* LocationSearchActivationView.swift */,
				5E9AB8252C92712D0094543C /* LocationSearchView.swift */,
				5E9AB8272C92731E0094543C /* LocationSearchResultCell.swift */,
			);
			path = Views;
			sourceTree = "<group>";
		};
		5E9AB8202C926D6C0094543C /* ViewModel */ = {
			isa = PBXGroup;
			children = (
				5E9AB8292C927AC70094543C /* LocationSearchViewModel.swift */,
			);
			path = ViewModel;
			sourceTree = "<group>";
		};
/* End PBXGroup section */

/* Begin PBXNativeTarget section */
		5E8BABA62C91B226002761FD /* UberCloneSwiftUI */ = {
			isa = PBXNativeTarget;
			buildConfigurationList = 5E8BABB52C91B22C002761FD /* Build configuration list for PBXNativeTarget "UberCloneSwiftUI" */;
			buildPhases = (
				5E8BABA32C91B226002761FD /* Sources */,
				5E8BABA42C91B226002761FD /* Frameworks */,
				5E8BABA52C91B226002761FD /* Resources */,
			);
			buildRules = (
			);
			dependencies = (
			);
			name = UberCloneSwiftUI;
			productName = UberCloneSwiftUI;
			productReference = 5E8BABA72C91B226002761FD /* UberCloneSwiftUI.app */;
			productType = "com.apple.product-type.application";
		};
/* End PBXNativeTarget section */

/* Begin PBXProject section */
		5E8BAB9F2C91B226002761FD /* Project object */ = {
			isa = PBXProject;
			attributes = {
				BuildIndependentTargetsInParallel = 1;
				LastSwiftUpdateCheck = 1540;
				LastUpgradeCheck = 1540;
				TargetAttributes = {
					5E8BABA62C91B226002761FD = {
						CreatedOnToolsVersion = 15.4;
					};
				};
			};
			buildConfigurationList = 5E8BABA22C91B226002761FD /* Build configuration list for PBXProject "UberCloneSwiftUI" */;
			compatibilityVersion = "Xcode 14.0";
			developmentRegion = en;
			hasScannedForEncodings = 0;
			knownRegions = (
				en,
				Base,
			);
			mainGroup = 5E8BAB9E2C91B226002761FD;
			productRefGroup = 5E8BABA82C91B226002761FD /* Products */;
			projectDirPath = "";
			projectRoot = "";
			targets = (
				5E8BABA62C91B226002761FD /* UberCloneSwiftUI */,
			);
		};
/* End PBXProject section */

/* Begin PBXResourcesBuildPhase section */
		5E8BABA52C91B226002761FD /* Resources */ = {
			isa = PBXResourcesBuildPhase;
			buildActionMask = 2147483647;
			files = (
				5E8BABB22C91B22C002761FD /* Preview Assets.xcassets in Resources */,
				5E8BABAF2C91B22C002761FD /* Assets.xcassets in Resources */,
			);
			runOnlyForDeploymentPostprocessing = 0;
		};
/* End PBXResourcesBuildPhase section */

/* Begin PBXSourcesBuildPhase section */
		5E8BABA32C91B226002761FD /* Sources */ = {
			isa = PBXSourcesBuildPhase;
			buildActionMask = 2147483647;
			files = (
				5E9AB82A2C927AC70094543C /* LocationSearchViewModel.swift in Sources */,
				5E9AB8262C92712D0094543C /* LocationSearchView.swift in Sources */,
				5E699FB92C91B9CF003A9F0E /* LocationManager.swift in Sources */,
				5E932BF82CA17B9600E2F624 /* RideRequestView.swift in Sources */,
				5EEDF6542CA54C18009AD189 /* Double.swift in Sources */,
				5E932BF52CA136B900E2F624 /* MapViewState.swift in Sources */,
				5E9AB8242C926EC50094543C /* MapViewActionButton.swift in Sources */,
				5E13E84F2CB0F212007A6F9F /* RegistrationView.swift in Sources */,
				5E699FB52C91B4D7003A9F0E /* HomeView.swift in Sources */,
				5EF445CF2CA5749F00BC4583 /* Color.swift in Sources */,
				5E699FB72C91B729003A9F0E /* UberMapViewRepresentable.swift in Sources */,
				5E8BABAB2C91B226002761FD /* UberCloneSwiftUIApp.swift in Sources */,
				5EEDF6562CA553D6009AD189 /* UberLocation.swift in Sources */,
				5E9AB8222C926D8B0094543C /* LocationSearchActivationView.swift in Sources */,
				5E9AB8282C92731E0094543C /* LocationSearchResultCell.swift in Sources */,
				5E59A7C42CA2C065009152F0 /* RideType.swift in Sources */,
			);
			runOnlyForDeploymentPostprocessing = 0;
		};
/* End PBXSourcesBuildPhase section */

/* Begin XCBuildConfiguration section */
		5E8BABB32C91B22C002761FD /* Debug */ = {
			isa = XCBuildConfiguration;
			buildSettings = {
				ALWAYS_SEARCH_USER_PATHS = NO;
				ASSETCATALOG_COMPILER_GENERATE_SWIFT_ASSET_SYMBOL_EXTENSIONS = YES;
				CLANG_ANALYZER_NONNULL = YES;
				CLANG_ANALYZER_NUMBER_OBJECT_CONVERSION = YES_AGGRESSIVE;
				CLANG_CXX_LANGUAGE_STANDARD = "gnu++20";
				CLANG_ENABLE_MODULES = YES;
				CLANG_ENABLE_OBJC_ARC = YES;
				CLANG_ENABLE_OBJC_WEAK = YES;
				CLANG_WARN_BLOCK_CAPTURE_AUTORELEASING = YES;
				CLANG_WARN_BOOL_CONVERSION = YES;
				CLANG_WARN_COMMA = YES;
				CLANG_WARN_CONSTANT_CONVERSION = YES;
				CLANG_WARN_DEPRECATED_OBJC_IMPLEMENTATIONS = YES;
				CLANG_WARN_DIRECT_OBJC_ISA_USAGE = YES_ERROR;
				CLANG_WARN_DOCUMENTATION_COMMENTS = YES;
				CLANG_WARN_EMPTY_BODY = YES;
				CLANG_WARN_ENUM_CONVERSION = YES;
				CLANG_WARN_INFINITE_RECURSION = YES;
				CLANG_WARN_INT_CONVERSION = YES;
				CLANG_WARN_NON_LITERAL_NULL_CONVERSION = YES;
				CLANG_WARN_OBJC_IMPLICIT_RETAIN_SELF = YES;
				CLANG_WARN_OBJC_LITERAL_CONVERSION = YES;
				CLANG_WARN_OBJC_ROOT_CLASS = YES_ERROR;
				CLANG_WARN_QUOTED_INCLUDE_IN_FRAMEWORK_HEADER = YES;
				CLANG_WARN_RANGE_LOOP_ANALYSIS = YES;
				CLANG_WARN_STRICT_PROTOTYPES = YES;
				CLANG_WARN_SUSPICIOUS_MOVE = YES;
				CLANG_WARN_UNGUARDED_AVAILABILITY = YES_AGGRESSIVE;
				CLANG_WARN_UNREACHABLE_CODE = YES;
				CLANG_WARN__DUPLICATE_METHOD_MATCH = YES;
				COPY_PHASE_STRIP = NO;
				DEBUG_INFORMATION_FORMAT = dwarf;
				ENABLE_STRICT_OBJC_MSGSEND = YES;
				ENABLE_TESTABILITY = YES;
				ENABLE_USER_SCRIPT_SANDBOXING = YES;
				GCC_C_LANGUAGE_STANDARD = gnu17;
				GCC_DYNAMIC_NO_PIC = NO;
				GCC_NO_COMMON_BLOCKS = YES;
				GCC_OPTIMIZATION_LEVEL = 0;
				GCC_PREPROCESSOR_DEFINITIONS = (
					"DEBUG=1",
					"$(inherited)",
				);
				GCC_WARN_64_TO_32_BIT_CONVERSION = YES;
				GCC_WARN_ABOUT_RETURN_TYPE = YES_ERROR;
				GCC_WARN_UNDECLARED_SELECTOR = YES;
				GCC_WARN_UNINITIALIZED_AUTOS = YES_AGGRESSIVE;
				GCC_WARN_UNUSED_FUNCTION = YES;
				GCC_WARN_UNUSED_VARIABLE = YES;
				IPHONEOS_DEPLOYMENT_TARGET = 17.5;
				LOCALIZATION_PREFERS_STRING_CATALOGS = YES;
				MTL_ENABLE_DEBUG_INFO = INCLUDE_SOURCE;
				MTL_FAST_MATH = YES;
				ONLY_ACTIVE_ARCH = YES;
				SDKROOT = iphoneos;
				SWIFT_ACTIVE_COMPILATION_CONDITIONS = "DEBUG $(inherited)";
				SWIFT_OPTIMIZATION_LEVEL = "-Onone";
			};
			name = Debug;
		};
		5E8BABB42C91B22C002761FD /* Release */ = {
			isa = XCBuildConfiguration;
			buildSettings = {
				ALWAYS_SEARCH_USER_PATHS = NO;
				ASSETCATALOG_COMPILER_GENERATE_SWIFT_ASSET_SYMBOL_EXTENSIONS = YES;
				CLANG_ANALYZER_NONNULL = YES;
				CLANG_ANALYZER_NUMBER_OBJECT_CONVERSION = YES_AGGRESSIVE;
				CLANG_CXX_LANGUAGE_STANDARD = "gnu++20";
				CLANG_ENABLE_MODULES = YES;
				CLANG_ENABLE_OBJC_ARC = YES;
				CLANG_ENABLE_OBJC_WEAK = YES;
				CLANG_WARN_BLOCK_CAPTURE_AUTORELEASING = YES;
				CLANG_WARN_BOOL_CONVERSION = YES;
				CLANG_WARN_COMMA = YES;
				CLANG_WARN_CONSTANT_CONVERSION = YES;
				CLANG_WARN_DEPRECATED_OBJC_IMPLEMENTATIONS = YES;
				CLANG_WARN_DIRECT_OBJC_ISA_USAGE = YES_ERROR;
				CLANG_WARN_DOCUMENTATION_COMMENTS = YES;
				CLANG_WARN_EMPTY_BODY = YES;
				CLANG_WARN_ENUM_CONVERSION = YES;
				CLANG_WARN_INFINITE_RECURSION = YES;
				CLANG_WARN_INT_CONVERSION = YES;
				CLANG_WARN_NON_LITERAL_NULL_CONVERSION = YES;
				CLANG_WARN_OBJC_IMPLICIT_RETAIN_SELF = YES;
				CLANG_WARN_OBJC_LITERAL_CONVERSION = YES;
				CLANG_WARN_OBJC_ROOT_CLASS = YES_ERROR;
				CLANG_WARN_QUOTED_INCLUDE_IN_FRAMEWORK_HEADER = YES;
				CLANG_WARN_RANGE_LOOP_ANALYSIS = YES;
				CLANG_WARN_STRICT_PROTOTYPES = YES;
				CLANG_WARN_SUSPICIOUS_MOVE = YES;
				CLANG_WARN_UNGUARDED_AVAILABILITY = YES_AGGRESSIVE;
				CLANG_WARN_UNREACHABLE_CODE = YES;
				CLANG_WARN__DUPLICATE_METHOD_MATCH = YES;
				COPY_PHASE_STRIP = NO;
				DEBUG_INFORMATION_FORMAT = "dwarf-with-dsym";
				ENABLE_NS_ASSERTIONS = NO;
				ENABLE_STRICT_OBJC_MSGSEND = YES;
				ENABLE_USER_SCRIPT_SANDBOXING = YES;
				GCC_C_LANGUAGE_STANDARD = gnu17;
				GCC_NO_COMMON_BLOCKS = YES;
				GCC_WARN_64_TO_32_BIT_CONVERSION = YES;
				GCC_WARN_ABOUT_RETURN_TYPE = YES_ERROR;
				GCC_WARN_UNDECLARED_SELECTOR = YES;
				GCC_WARN_UNINITIALIZED_AUTOS = YES_AGGRESSIVE;
				GCC_WARN_UNUSED_FUNCTION = YES;
				GCC_WARN_UNUSED_VARIABLE = YES;
				IPHONEOS_DEPLOYMENT_TARGET = 17.5;
				LOCALIZATION_PREFERS_STRING_CATALOGS = YES;
				MTL_ENABLE_DEBUG_INFO = NO;
				MTL_FAST_MATH = YES;
				SDKROOT = iphoneos;
				SWIFT_COMPILATION_MODE = wholemodule;
				VALIDATE_PRODUCT = YES;
			};
			name = Release;
		};
		5E8BABB62C91B22C002761FD /* Debug */ = {
			isa = XCBuildConfiguration;
			buildSettings = {
				ASSETCATALOG_COMPILER_APPICON_NAME = AppIcon;
				ASSETCATALOG_COMPILER_GLOBAL_ACCENT_COLOR_NAME = AccentColor;
				CODE_SIGN_STYLE = Automatic;
				CURRENT_PROJECT_VERSION = 1;
				DEVELOPMENT_ASSET_PATHS = "\"UberCloneSwiftUI/Preview Content\"";
				DEVELOPMENT_TEAM = 66599JH4Y4;
				ENABLE_PREVIEWS = YES;
				GENERATE_INFOPLIST_FILE = YES;
				INFOPLIST_KEY_NSLocationWhenInUseUsageDescription = "Please allow us to access your location to find nearby drivers.";
				INFOPLIST_KEY_UIApplicationSceneManifest_Generation = YES;
				INFOPLIST_KEY_UIApplicationSupportsIndirectInputEvents = YES;
				INFOPLIST_KEY_UILaunchScreen_Generation = YES;
				INFOPLIST_KEY_UISupportedInterfaceOrientations_iPad = "UIInterfaceOrientationPortrait UIInterfaceOrientationPortraitUpsideDown UIInterfaceOrientationLandscapeLeft UIInterfaceOrientationLandscapeRight";
				INFOPLIST_KEY_UISupportedInterfaceOrientations_iPhone = "UIInterfaceOrientationPortrait UIInterfaceOrientationLandscapeLeft UIInterfaceOrientationLandscapeRight";
				LD_RUNPATH_SEARCH_PATHS = (
					"$(inherited)",
					"@executable_path/Frameworks",
				);
				MARKETING_VERSION = 1.0;
				PRODUCT_BUNDLE_IDENTIFIER = com.damienbabington.UberCloneSwiftUI;
				PRODUCT_NAME = "$(TARGET_NAME)";
				SWIFT_EMIT_LOC_STRINGS = YES;
				SWIFT_VERSION = 5.0;
				TARGETED_DEVICE_FAMILY = "1,2";
			};
			name = Debug;
		};
		5E8BABB72C91B22C002761FD /* Release */ = {
			isa = XCBuildConfiguration;
			buildSettings = {
				ASSETCATALOG_COMPILER_APPICON_NAME = AppIcon;
				ASSETCATALOG_COMPILER_GLOBAL_ACCENT_COLOR_NAME = AccentColor;
				CODE_SIGN_STYLE = Automatic;
				CURRENT_PROJECT_VERSION = 1;
				DEVELOPMENT_ASSET_PATHS = "\"UberCloneSwiftUI/Preview Content\"";
				DEVELOPMENT_TEAM = 66599JH4Y4;
				ENABLE_PREVIEWS = YES;
				GENERATE_INFOPLIST_FILE = YES;
				INFOPLIST_KEY_NSLocationWhenInUseUsageDescription = "Please allow us to access your location to find nearby drivers.";
				INFOPLIST_KEY_UIApplicationSceneManifest_Generation = YES;
				INFOPLIST_KEY_UIApplicationSupportsIndirectInputEvents = YES;
				INFOPLIST_KEY_UILaunchScreen_Generation = YES;
				INFOPLIST_KEY_UISupportedInterfaceOrientations_iPad = "UIInterfaceOrientationPortrait UIInterfaceOrientationPortraitUpsideDown UIInterfaceOrientationLandscapeLeft UIInterfaceOrientationLandscapeRight";
				INFOPLIST_KEY_UISupportedInterfaceOrientations_iPhone = "UIInterfaceOrientationPortrait UIInterfaceOrientationLandscapeLeft UIInterfaceOrientationLandscapeRight";
				LD_RUNPATH_SEARCH_PATHS = (
					"$(inherited)",
					"@executable_path/Frameworks",
				);
				MARKETING_VERSION = 1.0;
				PRODUCT_BUNDLE_IDENTIFIER = com.damienbabington.UberCloneSwiftUI;
				PRODUCT_NAME = "$(TARGET_NAME)";
				SWIFT_EMIT_LOC_STRINGS = YES;
				SWIFT_VERSION = 5.0;
				TARGETED_DEVICE_FAMILY = "1,2";
			};
			name = Release;
		};
/* End XCBuildConfiguration section */

/* Begin XCConfigurationList section */
		5E8BABA22C91B226002761FD /* Build configuration list for PBXProject "UberCloneSwiftUI" */ = {
			isa = XCConfigurationList;
			buildConfigurations = (
				5E8BABB32C91B22C002761FD /* Debug */,
				5E8BABB42C91B22C002761FD /* Release */,
			);
			defaultConfigurationIsVisible = 0;
			defaultConfigurationName = Release;
		};
		5E8BABB52C91B22C002761FD /* Build configuration list for PBXNativeTarget "UberCloneSwiftUI" */ = {
			isa = XCConfigurationList;
			buildConfigurations = (
				5E8BABB62C91B22C002761FD /* Debug */,
				5E8BABB72C91B22C002761FD /* Release */,
			);
			defaultConfigurationIsVisible = 0;
			defaultConfigurationName = Release;
		};
/* End XCConfigurationList section */
	};
	rootObject = 5E8BAB9F2C91B226002761FD /* Project object */;
}
